// !$*UTF8*$!
{
	archiveVersion = 1;
	classes = {
	};
	objectVersion = 77;
	objects = {

/* Begin PBXBuildFile section */
		02228FF9663901A647332143 /* Assets.xcassets in Resources */ = {isa = PBXBuildFile; fileRef = 39D5BD31241A8DE929C50089 /* Assets.xcassets */; };
		10C135BDA297D2FA98614018 /* THIRD_PARTY_NOTICES.md in Resources */ = {isa = PBXBuildFile; fileRef = EAB6B06AB1EC842A99CD8A02 /* THIRD_PARTY_NOTICES.md */; };
		1FBC5AB82A20A772052B1241 /* AcknowledgementsView.swift in Sources */ = {isa = PBXBuildFile; fileRef = D2DBDB02E76A8B7C89FED59F /* AcknowledgementsView.swift */; };
		2326FF25D93D63D036F5D8A3 /* PairingCoordinator.swift in Sources */ = {isa = PBXBuildFile; fileRef = 0E24387C1914767811346EFF /* PairingCoordinator.swift */; };
		27DC144D51B13E64ACE6A8FF /* ReportView.swift in Sources */ = {isa = PBXBuildFile; fileRef = C364B1AC71DB838307196446 /* ReportView.swift */; };
		30C945FEABA85C053042DC4F /* ReportStore.swift in Sources */ = {isa = PBXBuildFile; fileRef = 13996A22065DE61519B68752 /* ReportStore.swift */; };
		34EDCEAD926076265C779438 /* StatusBadge.swift in Sources */ = {isa = PBXBuildFile; fileRef = 415F485DD392668CFE5CAC16 /* StatusBadge.swift */; };
		368ED48CDE817CFCA1FB7038 /* LivePresentationModelsTests.swift in Sources */ = {isa = PBXBuildFile; fileRef = B29435757A393E3BAD9EE402 /* LivePresentationModelsTests.swift */; };
		38E6E42BABE45414AE87F004 /* SpeziViews in Frameworks */ = {isa = PBXBuildFile; productRef = 105A343DF33AE86FBF737D6D /* SpeziViews */; };
		3A342A7A7C92D57B3E44E057 /* ReportPDFRendererTests.swift in Sources */ = {isa = PBXBuildFile; fileRef = 3E9E8C8D10BEDA9C2C925B0C /* ReportPDFRendererTests.swift */; };
		3C68E5673B354A35633BDA0D /* CameraFrameClient.swift in Sources */ = {isa = PBXBuildFile; fileRef = C5E1EA997BC947153FB764C3 /* CameraFrameClient.swift */; };
		47A85669D5275F9E3A6EDEA8 /* LiteRehabCore in Frameworks */ = {isa = PBXBuildFile; productRef = 6F4AA41E0E8117C2C95B8C69 /* LiteRehabCore */; };
		522F9CA9545E561662CA4FC5 /* APIClientTests.swift in Sources */ = {isa = PBXBuildFile; fileRef = 50DF473DCA16A4F3D6B0C512 /* APIClientTests.swift */; };
		52F27AAA8C1A68C8F2E1C7C4 /* SessionCard.swift in Sources */ = {isa = PBXBuildFile; fileRef = F68A4E31605BF828D0FC7F52 /* SessionCard.swift */; };
		5947CC1095AA14A1A4C26DC4 /* PairingView.swift in Sources */ = {isa = PBXBuildFile; fileRef = 91A280E59BEE818EDE4728FF /* PairingView.swift */; };
		6513D63F480EE43152AA9811 /* APIClient.swift in Sources */ = {isa = PBXBuildFile; fileRef = 334C73102272E1BDD94590E8 /* APIClient.swift */; };
		66CAA014DDCF4FEE0D7B536D /* ConnectionVault.swift in Sources */ = {isa = PBXBuildFile; fileRef = 96EA3CC7A853A7449F5375FE /* ConnectionVault.swift */; };
		6DE6A40BBA7BA8E8D47FA5EB /* HistoryStore.swift in Sources */ = {isa = PBXBuildFile; fileRef = 7733171FCE4248E9F4618C10 /* HistoryStore.swift */; };
		6FC9133ABC96CFA192499277 /* QRCodeScannerView.swift in Sources */ = {isa = PBXBuildFile; fileRef = 654FF6EA08C8585172635584 /* QRCodeScannerView.swift */; };
		757F9C3E3B9AA03241695D80 /* FeedbackPresentation.swift in Sources */ = {isa = PBXBuildFile; fileRef = DA3BBD9A97909AB633DF2AB1 /* FeedbackPresentation.swift */; };
		7CA731C60358BFC591F82970 /* ReportPDFRenderer.swift in Sources */ = {isa = PBXBuildFile; fileRef = 3F6C87396E0BC50F90015EA6 /* ReportPDFRenderer.swift */; };
		7EE22D98CCFEC375ECC173EB /* ReportChartsView.swift in Sources */ = {isa = PBXBuildFile; fileRef = 5AFE718A666B5BD39293C8F4 /* ReportChartsView.swift */; };
		858CCF0D5B3E068E2E63BCCE /* LiteRehabStyle.swift in Sources */ = {isa = PBXBuildFile; fileRef = B60D8B5C061071968FA57586 /* LiteRehabStyle.swift */; };
		860EB20DD2E469CDB8B99A35 /* AppRootView.swift in Sources */ = {isa = PBXBuildFile; fileRef = A99A139F8DC2A89A28F19B9D /* AppRootView.swift */; };
		87CAF5CDCF367B1BFF89D544 /* PairingFlowTests.swift in Sources */ = {isa = PBXBuildFile; fileRef = 1915491723D6016AC1AFF27B /* PairingFlowTests.swift */; };
		87D604DA82811E668E928880 /* ECGTraceView.swift in Sources */ = {isa = PBXBuildFile; fileRef = 51D59A892877A94C05957734 /* ECGTraceView.swift */; };
		8C3FA4E45270EE38E9E62F75 /* LiveView.swift in Sources */ = {isa = PBXBuildFile; fileRef = 5B5FF5D48A7110F0BEE8D76D /* LiveView.swift */; };
		93888F95E70D6A3191F56AAE /* LiteRehabUITests.swift in Sources */ = {isa = PBXBuildFile; fileRef = 6A8DA4FA27319B529CF479B9 /* LiteRehabUITests.swift */; };
		9DF5A98F3848C988EC0570AE /* LiteRehabApp.swift in Sources */ = {isa = PBXBuildFile; fileRef = D6BAF969161C714B8D2B401E /* LiteRehabApp.swift */; };
		A0659386F8BDA3147F53A4A3 /* SettingsView.swift in Sources */ = {isa = PBXBuildFile; fileRef = 34624A80F8CF7F9664736601 /* SettingsView.swift */; };
		A477A170202C55DDA2AB432A /* MetricCard.swift in Sources */ = {isa = PBXBuildFile; fileRef = 8AC7146F5545150079E17B99 /* MetricCard.swift */; };
		A863E124EEF481B811D2B23F /* SessionFlowState.swift in Sources */ = {isa = PBXBuildFile; fileRef = ADAA0524D14E5C4287AF7954 /* SessionFlowState.swift */; };
		B4CD3AB7ABAFE7B1296263C1 /* LiteRehabAppDelegate.swift in Sources */ = {isa = PBXBuildFile; fileRef = 5FCA0C4CD4575EB5D4C02795 /* LiteRehabAppDelegate.swift */; };
		BC88E357AA82C3F84E813265 /* NetworkError.swift in Sources */ = {isa = PBXBuildFile; fileRef = 983221C0A678EFBE847B80D1 /* NetworkError.swift */; };
		BD86882F2FBF62344B33F5D0 /* LiveStore.swift in Sources */ = {isa = PBXBuildFile; fileRef = 9F54DF53CA065324FD5DB72F /* LiveStore.swift */; };
		C1D46D0ACFEA213AA9AC77CF /* SpeziOnboarding in Frameworks */ = {isa = PBXBuildFile; productRef = 4D64A11029A8A96A3719DF1F /* SpeziOnboarding */; };
		C461E169E66691701763CDC8 /* HardwareReadiness.swift in Sources */ = {isa = PBXBuildFile; fileRef = E76FC8832669340F529E17BD /* HardwareReadiness.swift */; };
		C864D8E0C9286F8175F11B53 /* ConnectionVaultTests.swift in Sources */ = {isa = PBXBuildFile; fileRef = 66BA206348B0103C55E40D19 /* ConnectionVaultTests.swift */; };
		D908814CC087CB62587E9149 /* StartSessionSheet.swift in Sources */ = {isa = PBXBuildFile; fileRef = 5130318CC4007B802BDD3749 /* StartSessionSheet.swift */; };
		E1B5D6766C5175C6913443CA /* LiveWebSocketClient.swift in Sources */ = {isa = PBXBuildFile; fileRef = BA5B2C01D9F45820F7AD0C50 /* LiveWebSocketClient.swift */; };
		E64851CB3DC596054CE6DCBF /* HistoryView.swift in Sources */ = {isa = PBXBuildFile; fileRef = C47DCEF9497DEED03B8C413D /* HistoryView.swift */; };
		E9B5AC4882437491F9D79D42 /* NavigationTests.swift in Sources */ = {isa = PBXBuildFile; fileRef = CF0BFFD293E6174D9143067C /* NavigationTests.swift */; };
		FC1DA00D5065E25863556FFA /* Spezi in Frameworks */ = {isa = PBXBuildFile; productRef = 6148CD2668E7951C328158C8 /* Spezi */; };
/* End PBXBuildFile section */

/* Begin PBXContainerItemProxy section */
		2E33491074DEEBC486C3979A /* PBXContainerItemProxy */ = {
			isa = PBXContainerItemProxy;
			containerPortal = 5FCF5664753F94BA4A1D22E1 /* Project object */;
			proxyType = 1;
			remoteGlobalIDString = E3004C1BB43F62B9F8608DEE;
			remoteInfo = LiteRehab;
		};
		8EAAE39FB032CF1A8CE66A11 /* PBXContainerItemProxy */ = {
			isa = PBXContainerItemProxy;
			containerPortal = 5FCF5664753F94BA4A1D22E1 /* Project object */;
			proxyType = 1;
			remoteGlobalIDString = E3004C1BB43F62B9F8608DEE;
			remoteInfo = LiteRehab;
		};
/* End PBXContainerItemProxy section */

/* Begin PBXFileReference section */
		0E24387C1914767811346EFF /* PairingCoordinator.swift */ = {isa = PBXFileReference; lastKnownFileType = sourcecode.swift; path = PairingCoordinator.swift; sourceTree = "<group>"; };
		115AA48937D6A76AF249321E /* LiteRehabCore */ = {isa = PBXFileReference; lastKnownFileType = folder; name = LiteRehabCore; path = LiteRehabCore; sourceTree = SOURCE_ROOT; };
		13996A22065DE61519B68752 /* ReportStore.swift */ = {isa = PBXFileReference; lastKnownFileType = sourcecode.swift; path = ReportStore.swift; sourceTree = "<group>"; };
		1915491723D6016AC1AFF27B /* PairingFlowTests.swift */ = {isa = PBXFileReference; lastKnownFileType = sourcecode.swift; path = PairingFlowTests.swift; sourceTree = "<group>"; };
		334C73102272E1BDD94590E8 /* APIClient.swift */ = {isa = PBXFileReference; lastKnownFileType = sourcecode.swift; path = APIClient.swift; sourceTree = "<group>"; };
		34624A80F8CF7F9664736601 /* SettingsView.swift */ = {isa = PBXFileReference; lastKnownFileType = sourcecode.swift; path = SettingsView.swift; sourceTree = "<group>"; };
		39D5BD31241A8DE929C50089 /* Assets.xcassets */ = {isa = PBXFileReference; lastKnownFileType = folder.assetcatalog; path = Assets.xcassets; sourceTree = "<group>"; };
		3E9E8C8D10BEDA9C2C925B0C /* ReportPDFRendererTests.swift */ = {isa = PBXFileReference; lastKnownFileType = sourcecode.swift; path = ReportPDFRendererTests.swift; sourceTree = "<group>"; };
		3F6C87396E0BC50F90015EA6 /* ReportPDFRenderer.swift */ = {isa = PBXFileReference; lastKnownFileType = sourcecode.swift; path = ReportPDFRenderer.swift; sourceTree = "<group>"; };
		415F485DD392668CFE5CAC16 /* StatusBadge.swift */ = {isa = PBXFileReference; lastKnownFileType = sourcecode.swift; path = StatusBadge.swift; sourceTree = "<group>"; };
		50DF473DCA16A4F3D6B0C512 /* APIClientTests.swift */ = {isa = PBXFileReference; lastKnownFileType = sourcecode.swift; path = APIClientTests.swift; sourceTree = "<group>"; };
		5130318CC4007B802BDD3749 /* StartSessionSheet.swift */ = {isa = PBXFileReference; lastKnownFileType = sourcecode.swift; path = StartSessionSheet.swift; sourceTree = "<group>"; };
		51D59A892877A94C05957734 /* ECGTraceView.swift */ = {isa = PBXFileReference; lastKnownFileType = sourcecode.swift; path = ECGTraceView.swift; sourceTree = "<group>"; };
		5AFE718A666B5BD39293C8F4 /* ReportChartsView.swift */ = {isa = PBXFileReference; lastKnownFileType = sourcecode.swift; path = ReportChartsView.swift; sourceTree = "<group>"; };
		5B5FF5D48A7110F0BEE8D76D /* LiveView.swift */ = {isa = PBXFileReference; lastKnownFileType = sourcecode.swift; path = LiveView.swift; sourceTree = "<group>"; };
		5FCA0C4CD4575EB5D4C02795 /* LiteRehabAppDelegate.swift */ = {isa = PBXFileReference; lastKnownFileType = sourcecode.swift; path = LiteRehabAppDelegate.swift; sourceTree = "<group>"; };
		654FF6EA08C8585172635584 /* QRCodeScannerView.swift */ = {isa = PBXFileReference; lastKnownFileType = sourcecode.swift; path = QRCodeScannerView.swift; sourceTree = "<group>"; };
		66BA206348B0103C55E40D19 /* ConnectionVaultTests.swift */ = {isa = PBXFileReference; lastKnownFileType = sourcecode.swift; path = ConnectionVaultTests.swift; sourceTree = "<group>"; };
		6A8DA4FA27319B529CF479B9 /* LiteRehabUITests.swift */ = {isa = PBXFileReference; lastKnownFileType = sourcecode.swift; path = LiteRehabUITests.swift; sourceTree = "<group>"; };
		7733171FCE4248E9F4618C10 /* HistoryStore.swift */ = {isa = PBXFileReference; lastKnownFileType = sourcecode.swift; path = HistoryStore.swift; sourceTree = "<group>"; };
		7B4D90187D07DCC89DC1D693 /* LiteRehabUITests.xctest */ = {isa = PBXFileReference; includeInIndex = 0; lastKnownFileType = wrapper.cfbundle; path = LiteRehabUITests.xctest; sourceTree = BUILT_PRODUCTS_DIR; };
		8AC7146F5545150079E17B99 /* MetricCard.swift */ = {isa = PBXFileReference; lastKnownFileType = sourcecode.swift; path = MetricCard.swift; sourceTree = "<group>"; };
		8E8B84F5DE63EEDC0B07E9EF /* Info.plist */ = {isa = PBXFileReference; lastKnownFileType = text.plist; path = Info.plist; sourceTree = "<group>"; };
		91A280E59BEE818EDE4728FF /* PairingView.swift */ = {isa = PBXFileReference; lastKnownFileType = sourcecode.swift; path = PairingView.swift; sourceTree = "<group>"; };
		96EA3CC7A853A7449F5375FE /* ConnectionVault.swift */ = {isa = PBXFileReference; lastKnownFileType = sourcecode.swift; path = ConnectionVault.swift; sourceTree = "<group>"; };
		983221C0A678EFBE847B80D1 /* NetworkError.swift */ = {isa = PBXFileReference; lastKnownFileType = sourcecode.swift; path = NetworkError.swift; sourceTree = "<group>"; };
		9F54DF53CA065324FD5DB72F /* LiveStore.swift */ = {isa = PBXFileReference; lastKnownFileType = sourcecode.swift; path = LiveStore.swift; sourceTree = "<group>"; };
		A99A139F8DC2A89A28F19B9D /* AppRootView.swift */ = {isa = PBXFileReference; lastKnownFileType = sourcecode.swift; path = AppRootView.swift; sourceTree = "<group>"; };
		ADAA0524D14E5C4287AF7954 /* SessionFlowState.swift */ = {isa = PBXFileReference; lastKnownFileType = sourcecode.swift; path = SessionFlowState.swift; sourceTree = "<group>"; };
		B29435757A393E3BAD9EE402 /* LivePresentationModelsTests.swift */ = {isa = PBXFileReference; lastKnownFileType = sourcecode.swift; path = LivePresentationModelsTests.swift; sourceTree = "<group>"; };
		B60D8B5C061071968FA57586 /* LiteRehabStyle.swift */ = {isa = PBXFileReference; lastKnownFileType = sourcecode.swift; path = LiteRehabStyle.swift; sourceTree = "<group>"; };
		BA5B2C01D9F45820F7AD0C50 /* LiveWebSocketClient.swift */ = {isa = PBXFileReference; lastKnownFileType = sourcecode.swift; path = LiveWebSocketClient.swift; sourceTree = "<group>"; };
		C364B1AC71DB838307196446 /* ReportView.swift */ = {isa = PBXFileReference; lastKnownFileType = sourcecode.swift; path = ReportView.swift; sourceTree = "<group>"; };
		C47DCEF9497DEED03B8C413D /* HistoryView.swift */ = {isa = PBXFileReference; lastKnownFileType = sourcecode.swift; path = HistoryView.swift; sourceTree = "<group>"; };
		C5E1EA997BC947153FB764C3 /* CameraFrameClient.swift */ = {isa = PBXFileReference; lastKnownFileType = sourcecode.swift; path = CameraFrameClient.swift; sourceTree = "<group>"; };
		C835BD8047455636350D3041 /* LiteRehab.app */ = {isa = PBXFileReference; includeInIndex = 0; lastKnownFileType = wrapper.application; path = LiteRehab.app; sourceTree = BUILT_PRODUCTS_DIR; };
		C8549FB2190FF132F8B87CD1 /* LiteRehabTests.xctest */ = {isa = PBXFileReference; includeInIndex = 0; lastKnownFileType = wrapper.cfbundle; path = LiteRehabTests.xctest; sourceTree = BUILT_PRODUCTS_DIR; };
		CF0BFFD293E6174D9143067C /* NavigationTests.swift */ = {isa = PBXFileReference; lastKnownFileType = sourcecode.swift; path = NavigationTests.swift; sourceTree = "<group>"; };
		D2DBDB02E76A8B7C89FED59F /* AcknowledgementsView.swift */ = {isa = PBXFileReference; lastKnownFileType = sourcecode.swift; path = AcknowledgementsView.swift; sourceTree = "<group>"; };
		D6BAF969161C714B8D2B401E /* LiteRehabApp.swift */ = {isa = PBXFileReference; lastKnownFileType = sourcecode.swift; path = LiteRehabApp.swift; sourceTree = "<group>"; };
		DA3BBD9A97909AB633DF2AB1 /* FeedbackPresentation.swift */ = {isa = PBXFileReference; lastKnownFileType = sourcecode.swift; path = FeedbackPresentation.swift; sourceTree = "<group>"; };
		E76FC8832669340F529E17BD /* HardwareReadiness.swift */ = {isa = PBXFileReference; lastKnownFileType = sourcecode.swift; path = HardwareReadiness.swift; sourceTree = "<group>"; };
		EAB6B06AB1EC842A99CD8A02 /* THIRD_PARTY_NOTICES.md */ = {isa = PBXFileReference; lastKnownFileType = net.daringfireball.markdown; path = THIRD_PARTY_NOTICES.md; sourceTree = "<group>"; };
		F68A4E31605BF828D0FC7F52 /* SessionCard.swift */ = {isa = PBXFileReference; lastKnownFileType = sourcecode.swift; path = SessionCard.swift; sourceTree = "<group>"; };
/* End PBXFileReference section */

/* Begin PBXFrameworksBuildPhase section */
		74AAE7FC999DD1A27245F267 /* Frameworks */ = {
			isa = PBXFrameworksBuildPhase;
			buildActionMask = 2147483647;
			files = (
				47A85669D5275F9E3A6EDEA8 /* LiteRehabCore in Frameworks */,
				FC1DA00D5065E25863556FFA /* Spezi in Frameworks */,
				38E6E42BABE45414AE87F004 /* SpeziViews in Frameworks */,
				C1D46D0ACFEA213AA9AC77CF /* SpeziOnboarding in Frameworks */,
			);
			runOnlyForDeploymentPostprocessing = 0;
		};
/* End PBXFrameworksBuildPhase section */

/* Begin PBXGroup section */
		0675E716206EA5E06A432DF2 /* App */ = {
			isa = PBXGroup;
			children = (
				A99A139F8DC2A89A28F19B9D /* AppRootView.swift */,
				D6BAF969161C714B8D2B401E /* LiteRehabApp.swift */,
				5FCA0C4CD4575EB5D4C02795 /* LiteRehabAppDelegate.swift */,
			);
			path = App;
			sourceTree = "<group>";
		};
		12034CCA7AFA8CE70A0206D7 /* LiteRehabUITests */ = {
			isa = PBXGroup;
			children = (
				6A8DA4FA27319B529CF479B9 /* LiteRehabUITests.swift */,
				CF0BFFD293E6174D9143067C /* NavigationTests.swift */,
				1915491723D6016AC1AFF27B /* PairingFlowTests.swift */,
			);
			path = LiteRehabUITests;
			sourceTree = "<group>";
		};
		29400AD8D4BE08473DE4B6CB /* Settings */ = {
			isa = PBXGroup;
			children = (
				D2DBDB02E76A8B7C89FED59F /* AcknowledgementsView.swift */,
				34624A80F8CF7F9664736601 /* SettingsView.swift */,
			);
			path = Settings;
			sourceTree = "<group>";
		};
		4F9124C7B943EAD530395DB8 /* LiteRehabTests */ = {
			isa = PBXGroup;
			children = (
				50DF473DCA16A4F3D6B0C512 /* APIClientTests.swift */,
				66BA206348B0103C55E40D19 /* ConnectionVaultTests.swift */,
				B29435757A393E3BAD9EE402 /* LivePresentationModelsTests.swift */,
				3E9E8C8D10BEDA9C2C925B0C /* ReportPDFRendererTests.swift */,
			);
			path = LiteRehabTests;
			sourceTree = "<group>";
		};
		4FF9174520859C87B6EDF14E /* Products */ = {
			isa = PBXGroup;
			children = (
				C835BD8047455636350D3041 /* LiteRehab.app */,
				C8549FB2190FF132F8B87CD1 /* LiteRehabTests.xctest */,
				7B4D90187D07DCC89DC1D693 /* LiteRehabUITests.xctest */,
			);
			name = Products;
			sourceTree = "<group>";
		};
		869D2A33B02A28B9AFC20369 /* Report */ = {
			isa = PBXGroup;
			children = (
				5AFE718A666B5BD39293C8F4 /* ReportChartsView.swift */,
				3F6C87396E0BC50F90015EA6 /* ReportPDFRenderer.swift */,
				13996A22065DE61519B68752 /* ReportStore.swift */,
				C364B1AC71DB838307196446 /* ReportView.swift */,
			);
			path = Report;
			sourceTree = "<group>";
		};
		8943F3B4934ACD6ABA361993 /* LiteRehab */ = {
			isa = PBXGroup;
			children = (
				0675E716206EA5E06A432DF2 /* App */,
				CD835535A5F44F5749B775EB /* DesignSystem */,
				B353FAD21D8E5AF7AFA9617F /* History */,
				F5A7ECB7CF5DBF8511649775 /* Live */,
				F6855C970877B40797339897 /* Networking */,
				D712CAA9880032CF6D923DAC /* Pairing */,
				869D2A33B02A28B9AFC20369 /* Report */,
				8B48D2976B6D42C1206014A3 /* Resources */,
				29400AD8D4BE08473DE4B6CB /* Settings */,
			);
			path = LiteRehab;
			sourceTree = "<group>";
		};
		8B48D2976B6D42C1206014A3 /* Resources */ = {
			isa = PBXGroup;
			children = (
				39D5BD31241A8DE929C50089 /* Assets.xcassets */,
				8E8B84F5DE63EEDC0B07E9EF /* Info.plist */,
				EAB6B06AB1EC842A99CD8A02 /* THIRD_PARTY_NOTICES.md */,
			);
			path = Resources;
			sourceTree = "<group>";
		};
		956F47D7A1B35FA71EFEF37F = {
			isa = PBXGroup;
			children = (
				8943F3B4934ACD6ABA361993 /* LiteRehab */,
				4F9124C7B943EAD530395DB8 /* LiteRehabTests */,
				12034CCA7AFA8CE70A0206D7 /* LiteRehabUITests */,
				D69962F5DD538AED2CE2AFB7 /* Packages */,
				4FF9174520859C87B6EDF14E /* Products */,
			);
			sourceTree = "<group>";
		};
		B353FAD21D8E5AF7AFA9617F /* History */ = {
			isa = PBXGroup;
			children = (
				7733171FCE4248E9F4618C10 /* HistoryStore.swift */,
				C47DCEF9497DEED03B8C413D /* HistoryView.swift */,
				F68A4E31605BF828D0FC7F52 /* SessionCard.swift */,
			);
			path = History;
			sourceTree = "<group>";
		};
		CD835535A5F44F5749B775EB /* DesignSystem */ = {
			isa = PBXGroup;
			children = (
				B60D8B5C061071968FA57586 /* LiteRehabStyle.swift */,
				8AC7146F5545150079E17B99 /* MetricCard.swift */,
				415F485DD392668CFE5CAC16 /* StatusBadge.swift */,
			);
			path = DesignSystem;
			sourceTree = "<group>";
		};
		D69962F5DD538AED2CE2AFB7 /* Packages */ = {
			isa = PBXGroup;
			children = (
				115AA48937D6A76AF249321E /* LiteRehabCore */,
			);
			name = Packages;
			sourceTree = "<group>";
		};
		D712CAA9880032CF6D923DAC /* Pairing */ = {
			isa = PBXGroup;
			children = (
				96EA3CC7A853A7449F5375FE /* ConnectionVault.swift */,
				0E24387C1914767811346EFF /* PairingCoordinator.swift */,
				91A280E59BEE818EDE4728FF /* PairingView.swift */,
				654FF6EA08C8585172635584 /* QRCodeScannerView.swift */,
			);
			path = Pairing;
			sourceTree = "<group>";
		};
		F5A7ECB7CF5DBF8511649775 /* Live */ = {
			isa = PBXGroup;
			children = (
				51D59A892877A94C05957734 /* ECGTraceView.swift */,
				DA3BBD9A97909AB633DF2AB1 /* FeedbackPresentation.swift */,
				E76FC8832669340F529E17BD /* HardwareReadiness.swift */,
				9F54DF53CA065324FD5DB72F /* LiveStore.swift */,
				5B5FF5D48A7110F0BEE8D76D /* LiveView.swift */,
				ADAA0524D14E5C4287AF7954 /* SessionFlowState.swift */,
				5130318CC4007B802BDD3749 /* StartSessionSheet.swift */,
			);
			path = Live;
			sourceTree = "<group>";
		};
		F6855C970877B40797339897 /* Networking */ = {
			isa = PBXGroup;
			children = (
				334C73102272E1BDD94590E8 /* APIClient.swift */,
				C5E1EA997BC947153FB764C3 /* CameraFrameClient.swift */,
				BA5B2C01D9F45820F7AD0C50 /* LiveWebSocketClient.swift */,
				983221C0A678EFBE847B80D1 /* NetworkError.swift */,
			);
			path = Networking;
			sourceTree = "<group>";
		};
/* End PBXGroup section */

/* Begin PBXNativeTarget section */
		6D2181FC6945708DAD9A1E42 /* LiteRehabUITests */ = {
			isa = PBXNativeTarget;
			buildConfigurationList = C6AED019FE4B36E1F2A2ECB4 /* Build configuration list for PBXNativeTarget "LiteRehabUITests" */;
			buildPhases = (
				6BC2CDE2438C15759CB69E87 /* Sources */,
			);
			buildRules = (
			);
			dependencies = (
				4DDA44840788E01E4C1708A8 /* PBXTargetDependency */,
			);
			name = LiteRehabUITests;
			packageProductDependencies = (
			);
			productName = LiteRehabUITests;
			productReference = 7B4D90187D07DCC89DC1D693 /* LiteRehabUITests.xctest */;
			productType = "com.apple.product-type.bundle.ui-testing";
		};
		7FFFBD2D2E88459D3C8E5311 /* LiteRehabTests */ = {
			isa = PBXNativeTarget;
			buildConfigurationList = 6140833900D0397A99F1863B /* Build configuration list for PBXNativeTarget "LiteRehabTests" */;
			buildPhases = (
				3603A85E589D62D32864AECE /* Sources */,
			);
			buildRules = (
			);
			dependencies = (
				AA1086AA079A74B17D71FB60 /* PBXTargetDependency */,
			);
			name = LiteRehabTests;
			packageProductDependencies = (
			);
			productName = LiteRehabTests;
			productReference = C8549FB2190FF132F8B87CD1 /* LiteRehabTests.xctest */;
			productType = "com.apple.product-type.bundle.unit-test";
		};
		E3004C1BB43F62B9F8608DEE /* LiteRehab */ = {
			isa = PBXNativeTarget;
			buildConfigurationList = C4D139A8A93A6D0799F56C53 /* Build configuration list for PBXNativeTarget "LiteRehab" */;
			buildPhases = (
				3F89675BF588124553E19EF5 /* Sources */,
				A84B5B71466B619069CDD147 /* Resources */,
				74AAE7FC999DD1A27245F267 /* Frameworks */,
			);
			buildRules = (
			);
			dependencies = (
			);
			name = LiteRehab;
			packageProductDependencies = (
				6F4AA41E0E8117C2C95B8C69 /* LiteRehabCore */,
				6148CD2668E7951C328158C8 /* Spezi */,
				105A343DF33AE86FBF737D6D /* SpeziViews */,
				4D64A11029A8A96A3719DF1F /* SpeziOnboarding */,
			);
			productName = LiteRehab;
			productReference = C835BD8047455636350D3041 /* LiteRehab.app */;
			productType = "com.apple.product-type.application";
		};
/* End PBXNativeTarget section */

/* Begin PBXProject section */
		5FCF5664753F94BA4A1D22E1 /* Project object */ = {
			isa = PBXProject;
			attributes = {
				BuildIndependentTargetsInParallel = YES;
				LastUpgradeCheck = 1430;
				TargetAttributes = {
					6D2181FC6945708DAD9A1E42 = {
						TestTargetID = E3004C1BB43F62B9F8608DEE;
					};
					E3004C1BB43F62B9F8608DEE = {
						ProvisioningStyle = Automatic;
					};
				};
			};
			buildConfigurationList = B6FB246FA4C0878D68E43AC7 /* Build configuration list for PBXProject "LiteRehab" */;
			developmentRegion = en;
			hasScannedForEncodings = 0;
			knownRegions = (
				Base,
				en,
			);
			mainGroup = 956F47D7A1B35FA71EFEF37F;
			minimizedProjectReferenceProxies = 1;
			packageReferences = (
				1C545CFAFBDC2153914D6829 /* XCRemoteSwiftPackageReference "Spezi" */,
				7EF048377937F0AA7D673A8F /* XCRemoteSwiftPackageReference "SpeziOnboarding" */,
				CD6551656538745C9739CAA3 /* XCRemoteSwiftPackageReference "SpeziViews" */,
				89E33469FE82CD9D119189A2 /* XCLocalSwiftPackageReference "LiteRehabCore" */,
			);
			preferredProjectObjectVersion = 77;
			productRefGroup = 4FF9174520859C87B6EDF14E /* Products */;
			projectDirPath = "";
			projectRoot = "";
			targets = (
				E3004C1BB43F62B9F8608DEE /* LiteRehab */,
				7FFFBD2D2E88459D3C8E5311 /* LiteRehabTests */,
				6D2181FC6945708DAD9A1E42 /* LiteRehabUITests */,
			);
		};
/* End PBXProject section */

/* Begin PBXResourcesBuildPhase section */
		A84B5B71466B619069CDD147 /* Resources */ = {
			isa = PBXResourcesBuildPhase;
			buildActionMask = 2147483647;
			files = (
				02228FF9663901A647332143 /* Assets.xcassets in Resources */,
				10C135BDA297D2FA98614018 /* THIRD_PARTY_NOTICES.md in Resources */,
			);
			runOnlyForDeploymentPostprocessing = 0;
		};
/* End PBXResourcesBuildPhase section */

/* Begin PBXSourcesBuildPhase section */
		3603A85E589D62D32864AECE /* Sources */ = {
			isa = PBXSourcesBuildPhase;
			buildActionMask = 2147483647;
			files = (
				522F9CA9545E561662CA4FC5 /* APIClientTests.swift in Sources */,
				C864D8E0C9286F8175F11B53 /* ConnectionVaultTests.swift in Sources */,
				368ED48CDE817CFCA1FB7038 /* LivePresentationModelsTests.swift in Sources */,
				3A342A7A7C92D57B3E44E057 /* ReportPDFRendererTests.swift in Sources */,
			);
			runOnlyForDeploymentPostprocessing = 0;
		};
		3F89675BF588124553E19EF5 /* Sources */ = {
			isa = PBXSourcesBuildPhase;
			buildActionMask = 2147483647;
			files = (
				6513D63F480EE43152AA9811 /* APIClient.swift in Sources */,
				1FBC5AB82A20A772052B1241 /* AcknowledgementsView.swift in Sources */,
				860EB20DD2E469CDB8B99A35 /* AppRootView.swift in Sources */,
				3C68E5673B354A35633BDA0D /* CameraFrameClient.swift in Sources */,
				66CAA014DDCF4FEE0D7B536D /* ConnectionVault.swift in Sources */,
				87D604DA82811E668E928880 /* ECGTraceView.swift in Sources */,
				757F9C3E3B9AA03241695D80 /* FeedbackPresentation.swift in Sources */,
				C461E169E66691701763CDC8 /* HardwareReadiness.swift in Sources */,
				6DE6A40BBA7BA8E8D47FA5EB /* HistoryStore.swift in Sources */,
				E64851CB3DC596054CE6DCBF /* HistoryView.swift in Sources */,
				9DF5A98F3848C988EC0570AE /* LiteRehabApp.swift in Sources */,
				B4CD3AB7ABAFE7B1296263C1 /* LiteRehabAppDelegate.swift in Sources */,
				858CCF0D5B3E068E2E63BCCE /* LiteRehabStyle.swift in Sources */,
				BD86882F2FBF62344B33F5D0 /* LiveStore.swift in Sources */,
				8C3FA4E45270EE38E9E62F75 /* LiveView.swift in Sources */,
				E1B5D6766C5175C6913443CA /* LiveWebSocketClient.swift in Sources */,
				A477A170202C55DDA2AB432A /* MetricCard.swift in Sources */,
				BC88E357AA82C3F84E813265 /* NetworkError.swift in Sources */,
				2326FF25D93D63D036F5D8A3 /* PairingCoordinator.swift in Sources */,
				5947CC1095AA14A1A4C26DC4 /* PairingView.swift in Sources */,
				6FC9133ABC96CFA192499277 /* QRCodeScannerView.swift in Sources */,
				7EE22D98CCFEC375ECC173EB /* ReportChartsView.swift in Sources */,
				7CA731C60358BFC591F82970 /* ReportPDFRenderer.swift in Sources */,
				30C945FEABA85C053042DC4F /* ReportStore.swift in Sources */,
				27DC144D51B13E64ACE6A8FF /* ReportView.swift in Sources */,
				52F27AAA8C1A68C8F2E1C7C4 /* SessionCard.swift in Sources */,
				A863E124EEF481B811D2B23F /* SessionFlowState.swift in Sources */,
				A0659386F8BDA3147F53A4A3 /* SettingsView.swift in Sources */,
				D908814CC087CB62587E9149 /* StartSessionSheet.swift in Sources */,
				34EDCEAD926076265C779438 /* StatusBadge.swift in Sources */,
			);
			runOnlyForDeploymentPostprocessing = 0;
		};
		6BC2CDE2438C15759CB69E87 /* Sources */ = {
			isa = PBXSourcesBuildPhase;
			buildActionMask = 2147483647;
			files = (
				93888F95E70D6A3191F56AAE /* LiteRehabUITests.swift in Sources */,
				E9B5AC4882437491F9D79D42 /* NavigationTests.swift in Sources */,
				87CAF5CDCF367B1BFF89D544 /* PairingFlowTests.swift in Sources */,
			);
			runOnlyForDeploymentPostprocessing = 0;
		};
/* End PBXSourcesBuildPhase section */

/* Begin PBXTargetDependency section */
		4DDA44840788E01E4C1708A8 /* PBXTargetDependency */ = {
			isa = PBXTargetDependency;
			target = E3004C1BB43F62B9F8608DEE /* LiteRehab */;
			targetProxy = 2E33491074DEEBC486C3979A /* PBXContainerItemProxy */;
		};
		AA1086AA079A74B17D71FB60 /* PBXTargetDependency */ = {
			isa = PBXTargetDependency;
			target = E3004C1BB43F62B9F8608DEE /* LiteRehab */;
			targetProxy = 8EAAE39FB032CF1A8CE66A11 /* PBXContainerItemProxy */;
		};
/* End PBXTargetDependency section */

/* Begin XCBuildConfiguration section */
		1EDD422F861433E87A598635 /* Release */ = {
			isa = XCBuildConfiguration;
			buildSettings = {
				ASSETCATALOG_COMPILER_APPICON_NAME = AppIcon;
				CODE_SIGN_IDENTITY = "iPhone Developer";
				CODE_SIGN_STYLE = Automatic;
				CURRENT_PROJECT_VERSION = 1;
				GENERATE_INFOPLIST_FILE = NO;
				INFOPLIST_FILE = LiteRehab/Resources/Info.plist;
				LD_RUNPATH_SEARCH_PATHS = (
					"$(inherited)",
					"@executable_path/Frameworks",
				);
				MARKETING_VERSION = 0.1.0;
				PRODUCT_BUNDLE_IDENTIFIER = edu.cuhk.literehab;
				PRODUCT_NAME = LiteRehab;
				SDKROOT = iphoneos;
				TARGETED_DEVICE_FAMILY = 1;
			};
			name = Release;
		};
		2F5D0FAB8C944C8A0741910B /* Debug */ = {
			isa = XCBuildConfiguration;
			buildSettings = {
				ALWAYS_SEARCH_USER_PATHS = NO;
				CLANG_ANALYZER_NONNULL = YES;
				CLANG_ANALYZER_NUMBER_OBJECT_CONVERSION = YES_AGGRESSIVE;
				CLANG_CXX_LANGUAGE_STANDARD = "gnu++14";
				CLANG_CXX_LIBRARY = "libc++";
				CLANG_ENABLE_MODULES = YES;
				CLANG_ENABLE_OBJC_ARC = YES;
				CLANG_ENABLE_OBJC_WEAK = YES;
				CLANG_WARN_BLOCK_CAPTURE_AUTORELEASING = YES;
				CLANG_WARN_BOOL_CONVERSION = YES;
				CLANG_WARN_COMMA = YES;
				CLANG_WARN_CONSTANT_CONVERSION = YES;
				CLANG_WARN_DEPRECATED_OBJC_IMPLEMENTATIONS = YES;
				CLANG_WARN_DIRECT_OBJC_ISA_USAGE = YES_ERROR;
				CLANG_WARN_DOCUMENTATION_COMMENTS = YES;
				CLANG_WARN_EMPTY_BODY = YES;
				CLANG_WARN_ENUM_CONVERSION = YES;
				CLANG_WARN_INFINITE_RECURSION = YES;
				CLANG_WARN_INT_CONVERSION = YES;
				CLANG_WARN_NON_LITERAL_NULL_CONVERSION = YES;
				CLANG_WARN_OBJC_IMPLICIT_RETAIN_SELF = YES;
				CLANG_WARN_OBJC_LITERAL_CONVERSION = YES;
				CLANG_WARN_OBJC_ROOT_CLASS = YES_ERROR;
				CLANG_WARN_QUOTED_INCLUDE_IN_FRAMEWORK_HEADER = YES;
				CLANG_WARN_RANGE_LOOP_ANALYSIS = YES;
				CLANG_WARN_STRICT_PROTOTYPES = YES;
				CLANG_WARN_SUSPICIOUS_MOVE = YES;
				CLANG_WARN_UNGUARDED_AVAILABILITY = YES_AGGRESSIVE;
				CLANG_WARN_UNREACHABLE_CODE = YES;
				CLANG_WARN__DUPLICATE_METHOD_MATCH = YES;
				COPY_PHASE_STRIP = NO;
				DEBUG_INFORMATION_FORMAT = dwarf;
				DEVELOPMENT_LANGUAGE = en;
				ENABLE_STRICT_OBJC_MSGSEND = YES;
				ENABLE_TESTABILITY = YES;
				GCC_C_LANGUAGE_STANDARD = gnu11;
				GCC_DYNAMIC_NO_PIC = NO;
				GCC_NO_COMMON_BLOCKS = YES;
				GCC_OPTIMIZATION_LEVEL = 0;
				GCC_PREPROCESSOR_DEFINITIONS = (
					"$(inherited)",
					"DEBUG=1",
				);
				GCC_WARN_64_TO_32_BIT_CONVERSION = YES;
				GCC_WARN_ABOUT_RETURN_TYPE = YES_ERROR;
				GCC_WARN_UNDECLARED_SELECTOR = YES;
				GCC_WARN_UNINITIALIZED_AUTOS = YES_AGGRESSIVE;
				GCC_WARN_UNUSED_FUNCTION = YES;
				GCC_WARN_UNUSED_VARIABLE = YES;
				IPHONEOS_DEPLOYMENT_TARGET = 17.0;
				MTL_ENABLE_DEBUG_INFO = INCLUDE_SOURCE;
				MTL_FAST_MATH = YES;
				ONLY_ACTIVE_ARCH = YES;
				PRODUCT_NAME = "$(TARGET_NAME)";
				SDKROOT = iphoneos;
				SWIFT_ACTIVE_COMPILATION_CONDITIONS = DEBUG;
				SWIFT_OPTIMIZATION_LEVEL = "-Onone";
				SWIFT_VERSION = 6.0;
			};
			name = Debug;
		};
		55E3FFDB51CF50C21272D54F /* Debug */ = {
			isa = XCBuildConfiguration;
			buildSettings = {
				BUNDLE_LOADER = "$(TEST_HOST)";
				GENERATE_INFOPLIST_FILE = YES;
				LD_RUNPATH_SEARCH_PATHS = (
					"$(inherited)",
					"@executable_path/Frameworks",
					"@loader_path/Frameworks",
				);
				PRODUCT_BUNDLE_IDENTIFIER = edu.cuhk.literehab.uitests;
				SDKROOT = iphoneos;
				TARGETED_DEVICE_FAMILY = "1,2";
				TEST_TARGET_NAME = LiteRehab;
			};
			name = Debug;
		};
		5787DF9BF4D248238CA5A769 /* Release */ = {
			isa = XCBuildConfiguration;
			buildSettings = {
				ALWAYS_SEARCH_USER_PATHS = NO;
				CLANG_ANALYZER_NONNULL = YES;
				CLANG_ANALYZER_NUMBER_OBJECT_CONVERSION = YES_AGGRESSIVE;
				CLANG_CXX_LANGUAGE_STANDARD = "gnu++14";
				CLANG_CXX_LIBRARY = "libc++";
				CLANG_ENABLE_MODULES = YES;
				CLANG_ENABLE_OBJC_ARC = YES;
				CLANG_ENABLE_OBJC_WEAK = YES;
				CLANG_WARN_BLOCK_CAPTURE_AUTORELEASING = YES;
				CLANG_WARN_BOOL_CONVERSION = YES;
				CLANG_WARN_COMMA = YES;
				CLANG_WARN_CONSTANT_CONVERSION = YES;
				CLANG_WARN_DEPRECATED_OBJC_IMPLEMENTATIONS = YES;
				CLANG_WARN_DIRECT_OBJC_ISA_USAGE = YES_ERROR;
				CLANG_WARN_DOCUMENTATION_COMMENTS = YES;
				CLANG_WARN_EMPTY_BODY = YES;
				CLANG_WARN_ENUM_CONVERSION = YES;
				CLANG_WARN_INFINITE_RECURSION = YES;
				CLANG_WARN_INT_CONVERSION = YES;
				CLANG_WARN_NON_LITERAL_NULL_CONVERSION = YES;
				CLANG_WARN_OBJC_IMPLICIT_RETAIN_SELF = YES;
				CLANG_WARN_OBJC_LITERAL_CONVERSION = YES;
				CLANG_WARN_OBJC_ROOT_CLASS = YES_ERROR;
				CLANG_WARN_QUOTED_INCLUDE_IN_FRAMEWORK_HEADER = YES;
				CLANG_WARN_RANGE_LOOP_ANALYSIS = YES;
				CLANG_WARN_STRICT_PROTOTYPES = YES;
				CLANG_WARN_SUSPICIOUS_MOVE = YES;
				CLANG_WARN_UNGUARDED_AVAILABILITY = YES_AGGRESSIVE;
				CLANG_WARN_UNREACHABLE_CODE = YES;
				CLANG_WARN__DUPLICATE_METHOD_MATCH = YES;
				COPY_PHASE_STRIP = NO;
				DEBUG_INFORMATION_FORMAT = "dwarf-with-dsym";
				DEVELOPMENT_LANGUAGE = en;
				ENABLE_NS_ASSERTIONS = NO;
				ENABLE_STRICT_OBJC_MSGSEND = YES;
				GCC_C_LANGUAGE_STANDARD = gnu11;
				GCC_NO_COMMON_BLOCKS = YES;
				GCC_WARN_64_TO_32_BIT_CONVERSION = YES;
				GCC_WARN_ABOUT_RETURN_TYPE = YES_ERROR;
				GCC_WARN_UNDECLARED_SELECTOR = YES;
				GCC_WARN_UNINITIALIZED_AUTOS = YES_AGGRESSIVE;
				GCC_WARN_UNUSED_FUNCTION = YES;
				GCC_WARN_UNUSED_VARIABLE = YES;
				IPHONEOS_DEPLOYMENT_TARGET = 17.0;
				MTL_ENABLE_DEBUG_INFO = NO;
				MTL_FAST_MATH = YES;
				PRODUCT_NAME = "$(TARGET_NAME)";
				SDKROOT = iphoneos;
				SWIFT_COMPILATION_MODE = wholemodule;
				SWIFT_OPTIMIZATION_LEVEL = "-O";
				SWIFT_VERSION = 6.0;
			};
			name = Release;
		};
		57A5D9260FE1608E4EA0DE95 /* Release */ = {
			isa = XCBuildConfiguration;
			buildSettings = {
				BUNDLE_LOADER = "$(TEST_HOST)";
				GENERATE_INFOPLIST_FILE = YES;
				LD_RUNPATH_SEARCH_PATHS = (
					"$(inherited)",
					"@executable_path/Frameworks",
					"@loader_path/Frameworks",
				);
				PRODUCT_BUNDLE_IDENTIFIER = edu.cuhk.literehab.tests;
				SDKROOT = iphoneos;
				TARGETED_DEVICE_FAMILY = "1,2";
				TEST_HOST = "$(BUILT_PRODUCTS_DIR)/LiteRehab.app/LiteRehab";
			};
			name = Release;
		};
		8E6E3B7F1C3EDA12CE86F386 /* Debug */ = {
			isa = XCBuildConfiguration;
			buildSettings = {
				ASSETCATALOG_COMPILER_APPICON_NAME = AppIcon;
				CODE_SIGN_IDENTITY = "iPhone Developer";
				CODE_SIGN_STYLE = Automatic;
				CURRENT_PROJECT_VERSION = 1;
				GENERATE_INFOPLIST_FILE = NO;
				INFOPLIST_FILE = LiteRehab/Resources/Info.plist;
				LD_RUNPATH_SEARCH_PATHS = (
					"$(inherited)",
					"@executable_path/Frameworks",
				);
				MARKETING_VERSION = 0.1.0;
				PRODUCT_BUNDLE_IDENTIFIER = edu.cuhk.literehab;
				PRODUCT_NAME = LiteRehab;
				SDKROOT = iphoneos;
				TARGETED_DEVICE_FAMILY = 1;
			};
			name = Debug;
		};
		D5673696AE5C27B129BCD234 /* Debug */ = {
			isa = XCBuildConfiguration;
			buildSettings = {
				BUNDLE_LOADER = "$(TEST_HOST)";
				GENERATE_INFOPLIST_FILE = YES;
				LD_RUNPATH_SEARCH_PATHS = (
					"$(inherited)",
					"@executable_path/Frameworks",
					"@loader_path/Frameworks",
				);
				PRODUCT_BUNDLE_IDENTIFIER = edu.cuhk.literehab.tests;
				SDKROOT = iphoneos;
				TARGETED_DEVICE_FAMILY = "1,2";
				TEST_HOST = "$(BUILT_PRODUCTS_DIR)/LiteRehab.app/LiteRehab";
			};
			name = Debug;
		};
		F6E62CAAFA54E32AC493440D /* Release */ = {
			isa = XCBuildConfiguration;
			buildSettings = {
				BUNDLE_LOADER = "$(TEST_HOST)";
				GENERATE_INFOPLIST_FILE = YES;
				LD_RUNPATH_SEARCH_PATHS = (
					"$(inherited)",
					"@executable_path/Frameworks",
					"@loader_path/Frameworks",
				);
				PRODUCT_BUNDLE_IDENTIFIER = edu.cuhk.literehab.uitests;
				SDKROOT = iphoneos;
				TARGETED_DEVICE_FAMILY = "1,2";
				TEST_TARGET_NAME = LiteRehab;
			};
			name = Release;
		};
/* End XCBuildConfiguration section */

/* Begin XCConfigurationList section */
		6140833900D0397A99F1863B /* Build configuration list for PBXNativeTarget "LiteRehabTests" */ = {
			isa = XCConfigurationList;
			buildConfigurations = (
				D5673696AE5C27B129BCD234 /* Debug */,
				57A5D9260FE1608E4EA0DE95 /* Release */,
			);
			defaultConfigurationIsVisible = 0;
			defaultConfigurationName = Debug;
		};
		B6FB246FA4C0878D68E43AC7 /* Build configuration list for PBXProject "LiteRehab" */ = {
			isa = XCConfigurationList;
			buildConfigurations = (
				2F5D0FAB8C944C8A0741910B /* Debug */,
				5787DF9BF4D248238CA5A769 /* Release */,
			);
			defaultConfigurationIsVisible = 0;
			defaultConfigurationName = Debug;
		};
		C4D139A8A93A6D0799F56C53 /* Build configuration list for PBXNativeTarget "LiteRehab" */ = {
			isa = XCConfigurationList;
			buildConfigurations = (
				8E6E3B7F1C3EDA12CE86F386 /* Debug */,
				1EDD422F861433E87A598635 /* Release */,
			);
			defaultConfigurationIsVisible = 0;
			defaultConfigurationName = Debug;
		};
		C6AED019FE4B36E1F2A2ECB4 /* Build configuration list for PBXNativeTarget "LiteRehabUITests" */ = {
			isa = XCConfigurationList;
			buildConfigurations = (
				55E3FFDB51CF50C21272D54F /* Debug */,
				F6E62CAAFA54E32AC493440D /* Release */,
			);
			defaultConfigurationIsVisible = 0;
			defaultConfigurationName = Debug;
		};
/* End XCConfigurationList section */

/* Begin XCLocalSwiftPackageReference section */
		89E33469FE82CD9D119189A2 /* XCLocalSwiftPackageReference "LiteRehabCore" */ = {
			isa = XCLocalSwiftPackageReference;
			relativePath = LiteRehabCore;
		};
/* End XCLocalSwiftPackageReference section */

/* Begin XCRemoteSwiftPackageReference section */
		1C545CFAFBDC2153914D6829 /* XCRemoteSwiftPackageReference "Spezi" */ = {
			isa = XCRemoteSwiftPackageReference;
			repositoryURL = "https://github.com/StanfordSpezi/Spezi.git";
			requirement = {
				kind = exactVersion;
				version = 1.10.2;
			};
		};
		7EF048377937F0AA7D673A8F /* XCRemoteSwiftPackageReference "SpeziOnboarding" */ = {
			isa = XCRemoteSwiftPackageReference;
			repositoryURL = "https://github.com/StanfordSpezi/SpeziOnboarding.git";
			requirement = {
				kind = exactVersion;
				version = 2.0.4;
			};
		};
		CD6551656538745C9739CAA3 /* XCRemoteSwiftPackageReference "SpeziViews" */ = {
			isa = XCRemoteSwiftPackageReference;
			repositoryURL = "https://github.com/StanfordSpezi/SpeziViews.git";
			requirement = {
				kind = exactVersion;
				version = 1.12.14;
			};
		};
/* End XCRemoteSwiftPackageReference section */

/* Begin XCSwiftPackageProductDependency section */
		105A343DF33AE86FBF737D6D /* SpeziViews */ = {
			isa = XCSwiftPackageProductDependency;
			package = CD6551656538745C9739CAA3 /* XCRemoteSwiftPackageReference "SpeziViews" */;
			productName = SpeziViews;
		};
		4D64A11029A8A96A3719DF1F /* SpeziOnboarding */ = {
			isa = XCSwiftPackageProductDependency;
			package = 7EF048377937F0AA7D673A8F /* XCRemoteSwiftPackageReference "SpeziOnboarding" */;
			productName = SpeziOnboarding;
		};
		6148CD2668E7951C328158C8 /* Spezi */ = {
			isa = XCSwiftPackageProductDependency;
			package = 1C545CFAFBDC2153914D6829 /* XCRemoteSwiftPackageReference "Spezi" */;
			productName = Spezi;
		};
		6F4AA41E0E8117C2C95B8C69 /* LiteRehabCore */ = {
			isa = XCSwiftPackageProductDependency;
			productName = LiteRehabCore;
		};
/* End XCSwiftPackageProductDependency section */
	};
	rootObject = 5FCF5664753F94BA4A1D22E1 /* Project object */;
}
